
Microsoft Visual Studio Solution File, Format Version 12.00
# Visual Studio 14
VisualStudioVersion = 14.0.25420.1
MinimumVisualStudioVersion = 10.0.40219.1
Project("{FAE04EC0-301F-11D3-BF4B-00C04F79EFBC}") = "OxyPlotEx", "OxyPlotEx\OxyPlotEx\OxyPlotEx.csproj", "{A1949D6D-100D-47BD-91CC-9E102563F810}"
EndProject
Project("{FAE04EC0-301F-11D3-BF4B-00C04F79EFBC}") = "OxyPlotEx.Droid", "OxyPlotEx\OxyPlotEx.Droid\OxyPlotEx.Droid.csproj", "{8CA6A38A-FF92-4C3C-83F0-71A1BD1670EB}"
EndProject
Project("{FAE04EC0-301F-11D3-BF4B-00C04F79EFBC}") = "OxyPlotEx.iOS", "OxyPlotEx\OxyPlotEx.iOS\OxyPlotEx.iOS.csproj", "{C8A27ED4-724E-4F73-9358-BB849F7921E2}"
EndProject
Project("{FAE04EC0-301F-11D3-BF4B-00C04F79EFBC}") = "OxyPlotEx.UWP", "OxyPlotEx\OxyPlotEx.UWP\OxyPlotEx.UWP.csproj", "{012D2083-4A42-4707-9934-15868834CE07}"
EndProject
Global
	GlobalSection(SolutionConfigurationPlatforms) = preSolution
		Ad-Hoc|Any CPU = Ad-Hoc|Any CPU
		Ad-Hoc|ARM = Ad-Hoc|ARM
		Ad-Hoc|iPhone = Ad-Hoc|iPhone
		Ad-Hoc|iPhoneSimulator = Ad-Hoc|iPhoneSimulator
		Ad-Hoc|x64 = Ad-Hoc|x64
		Ad-Hoc|x86 = Ad-Hoc|x86
		AppStore|Any CPU = AppStore|Any CPU
		AppStore|ARM = AppStore|ARM
		AppStore|iPhone = AppStore|iPhone
		AppStore|iPhoneSimulator = AppStore|iPhoneSimulator
		AppStore|x64 = AppStore|x64
		AppStore|x86 = AppStore|x86
		Debug|Any CPU = Debug|Any CPU
		Debug|ARM = Debug|ARM
		Debug|iPhone = Debug|iPhone
		Debug|iPhoneSimulator = Debug|iPhoneSimulator
		Debug|x64 = Debug|x64
		Debug|x86 = Debug|x86
		Release|Any CPU = Release|Any CPU
		Release|ARM = Release|ARM
		Release|iPhone = Release|iPhone
		Release|iPhoneSimulator = Release|iPhoneSimulator
		Release|x64 = Release|x64
		Release|x86 = Release|x86
	EndGlobalSection
	GlobalSection(ProjectConfigurationPlatforms) = postSolution
		{A1949D6D-100D-47BD-91CC-9E102563F810}.Ad-Hoc|Any CPU.ActiveCfg = Release|Any CPU
		{A1949D6D-100D-47BD-91CC-9E102563F810}.Ad-Hoc|Any CPU.Build.0 = Release|Any CPU
		{A1949D6D-100D-47BD-91CC-9E102563F810}.Ad-Hoc|ARM.ActiveCfg = Release|Any CPU
		{A1949D6D-100D-47BD-91CC-9E102563F810}.Ad-Hoc|ARM.Build.0 = Release|Any CPU
		{A1949D6D-100D-47BD-91CC-9E102563F810}.Ad-Hoc|iPhone.ActiveCfg = Release|Any CPU
		{A1949D6D-100D-47BD-91CC-9E102563F810}.Ad-Hoc|iPhone.Build.0 = Release|Any CPU
		{A1949D6D-100D-47BD-91CC-9E102563F810}.Ad-Hoc|iPhoneSimulator.ActiveCfg = Release|Any CPU
		{A1949D6D-100D-47BD-91CC-9E102563F810}.Ad-Hoc|iPhoneSimulator.Build.0 = Release|Any CPU
		{A1949D6D-100D-47BD-91CC-9E102563F810}.Ad-Hoc|x64.ActiveCfg = Release|Any CPU
		{A1949D6D-100D-47BD-91CC-9E102563F810}.Ad-Hoc|x64.Build.0 = Release|Any CPU
		{A1949D6D-100D-47BD-91CC-9E102563F810}.Ad-Hoc|x86.ActiveCfg = Release|Any CPU
		{A1949D6D-100D-47BD-91CC-9E102563F810}.Ad-Hoc|x86.Build.0 = Release|Any CPU
		{A1949D6D-100D-47BD-91CC-9E102563F810}.AppStore|Any CPU.ActiveCfg = Release|Any CPU
		{A1949D6D-100D-47BD-91CC-9E102563F810}.AppStore|Any CPU.Build.0 = Release|Any CPU
		{A1949D6D-100D-47BD-91CC-9E102563F810}.AppStore|ARM.ActiveCfg = Release|Any CPU
		{A1949D6D-100D-47BD-91CC-9E102563F810}.AppStore|ARM.Build.0 = Release|Any CPU
		{A1949D6D-100D-47BD-91CC-9E102563F810}.AppStore|iPhone.ActiveCfg = Release|Any CPU
		{A1949D6D-100D-47BD-91CC-9E102563F810}.AppStore|iPhone.Build.0 = Release|Any CPU
		{A1949D6D-100D-47BD-91CC-9E102563F810}.AppStore|iPhoneSimulator.ActiveCfg = Release|Any CPU
		{A1949D6D-100D-47BD-91CC-9E102563F810}.AppStore|iPhoneSimulator.Build.0 = Release|Any CPU
		{A1949D6D-100D-47BD-91CC-9E102563F810}.AppStore|x64.ActiveCfg = Release|Any CPU
		{A1949D6D-100D-47BD-91CC-9E102563F810}.AppStore|x64.Build.0 = Release|Any CPU
		{A1949D6D-100D-47BD-91CC-9E102563F810}.AppStore|x86.ActiveCfg = Release|Any CPU
		{A1949D6D-100D-47BD-91CC-9E102563F810}.AppStore|x86.Build.0 = Release|Any CPU
		{A1949D6D-100D-47BD-91CC-9E102563F810}.Debug|Any CPU.ActiveCfg = Debug|Any CPU
		{A1949D6D-100D-47BD-91CC-9E102563F810}.Debug|Any CPU.Build.0 = Debug|Any CPU
		{A1949D6D-100D-47BD-91CC-9E102563F810}.Debug|ARM.ActiveCfg = Debug|Any CPU
		{A1949D6D-100D-47BD-91CC-9E102563F810}.Debug|ARM.Build.0 = Debug|Any CPU
		{A1949D6D-100D-47BD-91CC-9E102563F810}.Debug|iPhone.ActiveCfg = Debug|Any CPU
		{A1949D6D-100D-47BD-91CC-9E102563F810}.Debug|iPhone.Build.0 = Debug|Any CPU
		{A1949D6D-100D-47BD-91CC-9E102563F810}.Debug|iPhoneSimulator.ActiveCfg = Debug|Any CPU
		{A1949D6D-100D-47BD-91CC-9E102563F810}.Debug|iPhoneSimulator.Build.0 = Debug|Any CPU
		{A1949D6D-100D-47BD-91CC-9E102563F810}.Debug|x64.ActiveCfg = Debug|Any CPU
		{A1949D6D-100D-47BD-91CC-9E102563F810}.Debug|x64.Build.0 = Debug|Any CPU
		{A1949D6D-100D-47BD-91CC-9E102563F810}.Debug|x86.ActiveCfg = Debug|Any CPU
		{A1949D6D-100D-47BD-91CC-9E102563F810}.Debug|x86.Build.0 = Debug|Any CPU
		{A1949D6D-100D-47BD-91CC-9E102563F810}.Release|Any CPU.ActiveCfg = Release|Any CPU
		{A1949D6D-100D-47BD-91CC-9E102563F810}.Release|Any CPU.Build.0 = Release|Any CPU
		{A1949D6D-100D-47BD-91CC-9E102563F810}.Release|ARM.ActiveCfg = Release|Any CPU
		{A1949D6D-100D-47BD-91CC-9E102563F810}.Release|ARM.Build.0 = Release|Any CPU
		{A1949D6D-100D-47BD-91CC-9E102563F810}.Release|iPhone.ActiveCfg = Release|Any CPU
		{A1949D6D-100D-47BD-91CC-9E102563F810}.Release|iPhone.Build.0 = Release|Any CPU
		{A1949D6D-100D-47BD-91CC-9E102563F810}.Release|iPhoneSimulator.ActiveCfg = Release|Any CPU
		{A1949D6D-100D-47BD-91CC-9E102563F810}.Release|iPhoneSimulator.Build.0 = Release|Any CPU
		{A1949D6D-100D-47BD-91CC-9E102563F810}.Release|x64.ActiveCfg = Release|Any CPU
		{A1949D6D-100D-47BD-91CC-9E102563F810}.Release|x64.Build.0 = Release|Any CPU
		{A1949D6D-100D-47BD-91CC-9E102563F810}.Release|x86.ActiveCfg = Release|Any CPU
		{A1949D6D-100D-47BD-91CC-9E102563F810}.Release|x86.Build.0 = Release|Any CPU
		{8CA6A38A-FF92-4C3C-83F0-71A1BD1670EB}.Ad-Hoc|Any CPU.ActiveCfg = Release|Any CPU
		{8CA6A38A-FF92-4C3C-83F0-71A1BD1670EB}.Ad-Hoc|Any CPU.Build.0 = Release|Any CPU
		{8CA6A38A-FF92-4C3C-83F0-71A1BD1670EB}.Ad-Hoc|Any CPU.Deploy.0 = Release|Any CPU
		{8CA6A38A-FF92-4C3C-83F0-71A1BD1670EB}.Ad-Hoc|ARM.ActiveCfg = Release|Any CPU
		{8CA6A38A-FF92-4C3C-83F0-71A1BD1670EB}.Ad-Hoc|ARM.Build.0 = Release|Any CPU
		{8CA6A38A-FF92-4C3C-83F0-71A1BD1670EB}.Ad-Hoc|ARM.Deploy.0 = Release|Any CPU
		{8CA6A38A-FF92-4C3C-83F0-71A1BD1670EB}.Ad-Hoc|iPhone.ActiveCfg = Release|Any CPU
		{8CA6A38A-FF92-4C3C-83F0-71A1BD1670EB}.Ad-Hoc|iPhone.Build.0 = Release|Any CPU
		{8CA6A38A-FF92-4C3C-83F0-71A1BD1670EB}.Ad-Hoc|iPhone.Deploy.0 = Release|Any CPU
		{8CA6A38A-FF92-4C3C-83F0-71A1BD1670EB}.Ad-Hoc|iPhoneSimulator.ActiveCfg = Release|Any CPU
		{8CA6A38A-FF92-4C3C-83F0-71A1BD1670EB}.Ad-Hoc|iPhoneSimulator.Build.0 = Release|Any CPU
		{8CA6A38A-FF92-4C3C-83F0-71A1BD1670EB}.Ad-Hoc|iPhoneSimulator.Deploy.0 = Release|Any CPU
		{8CA6A38A-FF92-4C3C-83F0-71A1BD1670EB}.Ad-Hoc|x64.ActiveCfg = Release|Any CPU
		{8CA6A38A-FF92-4C3C-83F0-71A1BD1670EB}.Ad-Hoc|x64.Build.0 = Release|Any CPU
		{8CA6A38A-FF92-4C3C-83F0-71A1BD1670EB}.Ad-Hoc|x64.Deploy.0 = Release|Any CPU
		{8CA6A38A-FF92-4C3C-83F0-71A1BD1670EB}.Ad-Hoc|x86.ActiveCfg = Release|Any CPU
		{8CA6A38A-FF92-4C3C-83F0-71A1BD1670EB}.Ad-Hoc|x86.Build.0 = Release|Any CPU
		{8CA6A38A-FF92-4C3C-83F0-71A1BD1670EB}.Ad-Hoc|x86.Deploy.0 = Release|Any CPU
		{8CA6A38A-FF92-4C3C-83F0-71A1BD1670EB}.AppStore|Any CPU.ActiveCfg = Release|Any CPU
		{8CA6A38A-FF92-4C3C-83F0-71A1BD1670EB}.AppStore|Any CPU.Build.0 = Release|Any CPU
		{8CA6A38A-FF92-4C3C-83F0-71A1BD1670EB}.AppStore|Any CPU.Deploy.0 = Release|Any CPU
		{8CA6A38A-FF92-4C3C-83F0-71A1BD1670EB}.AppStore|ARM.ActiveCfg = Release|Any CPU
		{8CA6A38A-FF92-4C3C-83F0-71A1BD1670EB}.AppStore|ARM.Build.0 = Release|Any CPU
		{8CA6A38A-FF92-4C3C-83F0-71A1BD1670EB}.AppStore|ARM.Deploy.0 = Release|Any CPU
		{8CA6A38A-FF92-4C3C-83F0-71A1BD1670EB}.AppStore|iPhone.ActiveCfg = Release|Any CPU
		{8CA6A38A-FF92-4C3C-83F0-71A1BD1670EB}.AppStore|iPhone.Build.0 = Release|Any CPU
		{8CA6A38A-FF92-4C3C-83F0-71A1BD1670EB}.AppStore|iPhone.Deploy.0 = Release|Any CPU
		{8CA6A38A-FF92-4C3C-83F0-71A1BD1670EB}.AppStore|iPhoneSimulator.ActiveCfg = Release|Any CPU
		{8CA6A38A-FF92-4C3C-83F0-71A1BD1670EB}.AppStore|iPhoneSimulator.Build.0 = Release|Any CPU
		{8CA6A38A-FF92-4C3C-83F0-71A1BD1670EB}.AppStore|iPhoneSimulator.Deploy.0 = Release|Any CPU
		{8CA6A38A-FF92-4C3C-83F0-71A1BD1670EB}.AppStore|x64.ActiveCfg = Release|Any CPU
		{8CA6A38A-FF92-4C3C-83F0-71A1BD1670EB}.AppStore|x64.Build.0 = Release|Any CPU
		{8CA6A38A-FF92-4C3C-83F0-71A1BD1670EB}.AppStore|x64.Deploy.0 = Release|Any CPU
		{8CA6A38A-FF92-4C3C-83F0-71A1BD1670EB}.AppStore|x86.ActiveCfg = Release|Any CPU
		{8CA6A38A-FF92-4C3C-83F0-71A1BD1670EB}.AppStore|x86.Build.0 = Release|Any CPU
		{8CA6A38A-FF92-4C3C-83F0-71A1BD1670EB}.AppStore|x86.Deploy.0 = Release|Any CPU
		{8CA6A38A-FF92-4C3C-83F0-71A1BD1670EB}.Debug|Any CPU.ActiveCfg = Debug|Any CPU
		{8CA6A38A-FF92-4C3C-83F0-71A1BD1670EB}.Debug|Any CPU.Build.0 = Debug|Any CPU
		{8CA6A38A-FF92-4C3C-83F0-71A1BD1670EB}.Debug|Any CPU.Deploy.0 = Debug|Any CPU
		{8CA6A38A-FF92-4C3C-83F0-71A1BD1670EB}.Debug|ARM.ActiveCfg = Debug|Any CPU
		{8CA6A38A-FF92-4C3C-83F0-71A1BD1670EB}.Debug|ARM.Build.0 = Debug|Any CPU
		{8CA6A38A-FF92-4C3C-83F0-71A1BD1670EB}.Debug|ARM.Deploy.0 = Debug|Any CPU
		{8CA6A38A-FF92-4C3C-83F0-71A1BD1670EB}.Debug|iPhone.ActiveCfg = Debug|Any CPU
		{8CA6A38A-FF92-4C3C-83F0-71A1BD1670EB}.Debug|iPhone.Build.0 = Debug|Any CPU
		{8CA6A38A-FF92-4C3C-83F0-71A1BD1670EB}.Debug|iPhone.Deploy.0 = Debug|Any CPU
		{8CA6A38A-FF92-4C3C-83F0-71A1BD1670EB}.Debug|iPhoneSimulator.ActiveCfg = Debug|Any CPU
		{8CA6A38A-FF92-4C3C-83F0-71A1BD1670EB}.Debug|iPhoneSimulator.Build.0 = Debug|Any CPU
		{8CA6A38A-FF92-4C3C-83F0-71A1BD1670EB}.Debug|iPhoneSimulator.Deploy.0 = Debug|Any CPU
		{8CA6A38A-FF92-4C3C-83F0-71A1BD1670EB}.Debug|x64.ActiveCfg = Debug|Any CPU
		{8CA6A38A-FF92-4C3C-83F0-71A1BD1670EB}.Debug|x64.Build.0 = Debug|Any CPU
		{8CA6A38A-FF92-4C3C-83F0-71A1BD1670EB}.Debug|x64.Deploy.0 = Debug|Any CPU
		{8CA6A38A-FF92-4C3C-83F0-71A1BD1670EB}.Debug|x86.ActiveCfg = Debug|Any CPU
		{8CA6A38A-FF92-4C3C-83F0-71A1BD1670EB}.Debug|x86.Build.0 = Debug|Any CPU
		{8CA6A38A-FF92-4C3C-83F0-71A1BD1670EB}.Debug|x86.Deploy.0 = Debug|Any CPU
		{8CA6A38A-FF92-4C3C-83F0-71A1BD1670EB}.Release|Any CPU.ActiveCfg = Release|Any CPU
		{8CA6A38A-FF92-4C3C-83F0-71A1BD1670EB}.Release|Any CPU.Build.0 = Release|Any CPU
		{8CA6A38A-FF92-4C3C-83F0-71A1BD1670EB}.Release|Any CPU.Deploy.0 = Release|Any CPU
		{8CA6A38A-FF92-4C3C-83F0-71A1BD1670EB}.Release|ARM.ActiveCfg = Release|Any CPU
		{8CA6A38A-FF92-4C3C-83F0-71A1BD1670EB}.Release|ARM.Build.0 = Release|Any CPU
		{8CA6A38A-FF92-4C3C-83F0-71A1BD1670EB}.Release|ARM.Deploy.0 = Release|Any CPU
		{8CA6A38A-FF92-4C3C-83F0-71A1BD1670EB}.Release|iPhone.ActiveCfg = Release|Any CPU
		{8CA6A38A-FF92-4C3C-83F0-71A1BD1670EB}.Release|iPhone.Build.0 = Release|Any CPU
		{8CA6A38A-FF92-4C3C-83F0-71A1BD1670EB}.Release|iPhone.Deploy.0 = Release|Any CPU
		{8CA6A38A-FF92-4C3C-83F0-71A1BD1670EB}.Release|iPhoneSimulator.ActiveCfg = Release|Any CPU
		{8CA6A38A-FF92-4C3C-83F0-71A1BD1670EB}.Release|iPhoneSimulator.Build.0 = Release|Any CPU
		{8CA6A38A-FF92-4C3C-83F0-71A1BD1670EB}.Release|iPhoneSimulator.Deploy.0 = Release|Any CPU
		{8CA6A38A-FF92-4C3C-83F0-71A1BD1670EB}.Release|x64.ActiveCfg = Release|Any CPU
		{8CA6A38A-FF92-4C3C-83F0-71A1BD1670EB}.Release|x64.Build.0 = Release|Any CPU
		{8CA6A38A-FF92-4C3C-83F0-71A1BD1670EB}.Release|x64.Deploy.0 = Release|Any CPU
		{8CA6A38A-FF92-4C3C-83F0-71A1BD1670EB}.Release|x86.ActiveCfg = Release|Any CPU
		{8CA6A38A-FF92-4C3C-83F0-71A1BD1670EB}.Release|x86.Build.0 = Release|Any CPU
		{8CA6A38A-FF92-4C3C-83F0-71A1BD1670EB}.Release|x86.Deploy.0 = Release|Any CPU
		{C8A27ED4-724E-4F73-9358-BB849F7921E2}.Ad-Hoc|Any CPU.ActiveCfg = Ad-Hoc|iPhone
		{C8A27ED4-724E-4F73-9358-BB849F7921E2}.Ad-Hoc|ARM.ActiveCfg = Ad-Hoc|iPhone
		{C8A27ED4-724E-4F73-9358-BB849F7921E2}.Ad-Hoc|iPhone.ActiveCfg = Ad-Hoc|iPhone
		{C8A27ED4-724E-4F73-9358-BB849F7921E2}.Ad-Hoc|iPhone.Build.0 = Ad-Hoc|iPhone
		{C8A27ED4-724E-4F73-9358-BB849F7921E2}.Ad-Hoc|iPhoneSimulator.ActiveCfg = Ad-Hoc|iPhoneSimulator
		{C8A27ED4-724E-4F73-9358-BB849F7921E2}.Ad-Hoc|iPhoneSimulator.Build.0 = Ad-Hoc|iPhoneSimulator
		{C8A27ED4-724E-4F73-9358-BB849F7921E2}.Ad-Hoc|x64.ActiveCfg = Ad-Hoc|iPhone
		{C8A27ED4-724E-4F73-9358-BB849F7921E2}.Ad-Hoc|x86.ActiveCfg = Ad-Hoc|iPhone
		{C8A27ED4-724E-4F73-9358-BB849F7921E2}.AppStore|Any CPU.ActiveCfg = AppStore|iPhone
		{C8A27ED4-724E-4F73-9358-BB849F7921E2}.AppStore|ARM.ActiveCfg = AppStore|iPhone
		{C8A27ED4-724E-4F73-9358-BB849F7921E2}.AppStore|iPhone.ActiveCfg = AppStore|iPhone
		{C8A27ED4-724E-4F73-9358-BB849F7921E2}.AppStore|iPhone.Build.0 = AppStore|iPhone
		{C8A27ED4-724E-4F73-9358-BB849F7921E2}.AppStore|iPhoneSimulator.ActiveCfg = AppStore|iPhoneSimulator
		{C8A27ED4-724E-4F73-9358-BB849F7921E2}.AppStore|iPhoneSimulator.Build.0 = AppStore|iPhoneSimulator
		{C8A27ED4-724E-4F73-9358-BB849F7921E2}.AppStore|x64.ActiveCfg = AppStore|iPhone
		{C8A27ED4-724E-4F73-9358-BB849F7921E2}.AppStore|x86.ActiveCfg = AppStore|iPhone
		{C8A27ED4-724E-4F73-9358-BB849F7921E2}.Debug|Any CPU.ActiveCfg = Debug|iPhone
		{C8A27ED4-724E-4F73-9358-BB849F7921E2}.Debug|ARM.ActiveCfg = Debug|iPhone
		{C8A27ED4-724E-4F73-9358-BB849F7921E2}.Debug|iPhone.ActiveCfg = Debug|iPhone
		{C8A27ED4-724E-4F73-9358-BB849F7921E2}.Debug|iPhone.Build.0 = Debug|iPhone
		{C8A27ED4-724E-4F73-9358-BB849F7921E2}.Debug|iPhoneSimulator.ActiveCfg = Debug|iPhoneSimulator
		{C8A27ED4-724E-4F73-9358-BB849F7921E2}.Debug|iPhoneSimulator.Build.0 = Debug|iPhoneSimulator
		{C8A27ED4-724E-4F73-9358-BB849F7921E2}.Debug|x64.ActiveCfg = Debug|iPhone
		{C8A27ED4-724E-4F73-9358-BB849F7921E2}.Debug|x86.ActiveCfg = Debug|iPhone
		{C8A27ED4-724E-4F73-9358-BB849F7921E2}.Release|Any CPU.ActiveCfg = Release|iPhone
		{C8A27ED4-724E-4F73-9358-BB849F7921E2}.Release|ARM.ActiveCfg = Release|iPhone
		{C8A27ED4-724E-4F73-9358-BB849F7921E2}.Release|iPhone.ActiveCfg = Release|iPhone
		{C8A27ED4-724E-4F73-9358-BB849F7921E2}.Release|iPhone.Build.0 = Release|iPhone
		{C8A27ED4-724E-4F73-9358-BB849F7921E2}.Release|iPhoneSimulator.ActiveCfg = Release|iPhoneSimulator
		{C8A27ED4-724E-4F73-9358-BB849F7921E2}.Release|iPhoneSimulator.Build.0 = Release|iPhoneSimulator
		{C8A27ED4-724E-4F73-9358-BB849F7921E2}.Release|x64.ActiveCfg = Release|iPhone
		{C8A27ED4-724E-4F73-9358-BB849F7921E2}.Release|x86.ActiveCfg = Release|iPhone
		{012D2083-4A42-4707-9934-15868834CE07}.Ad-Hoc|Any CPU.ActiveCfg = Release|x86
		{012D2083-4A42-4707-9934-15868834CE07}.Ad-Hoc|Any CPU.Build.0 = Release|x86
		{012D2083-4A42-4707-9934-15868834CE07}.Ad-Hoc|Any CPU.Deploy.0 = Release|x86
		{012D2083-4A42-4707-9934-15868834CE07}.Ad-Hoc|ARM.ActiveCfg = Release|ARM
		{012D2083-4A42-4707-9934-15868834CE07}.Ad-Hoc|ARM.Build.0 = Release|ARM
		{012D2083-4A42-4707-9934-15868834CE07}.Ad-Hoc|ARM.Deploy.0 = Release|ARM
		{012D2083-4A42-4707-9934-15868834CE07}.Ad-Hoc|iPhone.ActiveCfg = Release|x86
		{012D2083-4A42-4707-9934-15868834CE07}.Ad-Hoc|iPhone.Build.0 = Release|x86
		{012D2083-4A42-4707-9934-15868834CE07}.Ad-Hoc|iPhone.Deploy.0 = Release|x86
		{012D2083-4A42-4707-9934-15868834CE07}.Ad-Hoc|iPhoneSimulator.ActiveCfg = Release|x86
		{012D2083-4A42-4707-9934-15868834CE07}.Ad-Hoc|iPhoneSimulator.Build.0 = Release|x86
		{012D2083-4A42-4707-9934-15868834CE07}.Ad-Hoc|iPhoneSimulator.Deploy.0 = Release|x86
		{012D2083-4A42-4707-9934-15868834CE07}.Ad-Hoc|x64.ActiveCfg = Release|x64
		{012D2083-4A42-4707-9934-15868834CE07}.Ad-Hoc|x64.Build.0 = Release|x64
		{012D2083-4A42-4707-9934-15868834CE07}.Ad-Hoc|x64.Deploy.0 = Release|x64
		{012D2083-4A42-4707-9934-15868834CE07}.Ad-Hoc|x86.ActiveCfg = Release|x86
		{012D2083-4A42-4707-9934-15868834CE07}.Ad-Hoc|x86.Build.0 = Release|x86
		{012D2083-4A42-4707-9934-15868834CE07}.Ad-Hoc|x86.Deploy.0 = Release|x86
		{012D2083-4A42-4707-9934-15868834CE07}.AppStore|Any CPU.ActiveCfg = Release|x86
		{012D2083-4A42-4707-9934-15868834CE07}.AppStore|Any CPU.Build.0 = Release|x86
		{012D2083-4A42-4707-9934-15868834CE07}.AppStore|Any CPU.Deploy.0 = Release|x86
		{012D2083-4A42-4707-9934-15868834CE07}.AppStore|ARM.ActiveCfg = Release|ARM
		{012D2083-4A42-4707-9934-15868834CE07}.AppStore|ARM.Build.0 = Release|ARM
		{012D2083-4A42-4707-9934-15868834CE07}.AppStore|ARM.Deploy.0 = Release|ARM
		{012D2083-4A42-4707-9934-15868834CE07}.AppStore|iPhone.ActiveCfg = Release|x86
		{012D2083-4A42-4707-9934-15868834CE07}.AppStore|iPhone.Build.0 = Release|x86
		{012D2083-4A42-4707-9934-15868834CE07}.AppStore|iPhone.Deploy.0 = Release|x86
		{012D2083-4A42-4707-9934-15868834CE07}.AppStore|iPhoneSimulator.ActiveCfg = Release|x86
		{012D2083-4A42-4707-9934-15868834CE07}.AppStore|iPhoneSimulator.Build.0 = Release|x86
		{012D2083-4A42-4707-9934-15868834CE07}.AppStore|iPhoneSimulator.Deploy.0 = Release|x86
		{012D2083-4A42-4707-9934-15868834CE07}.AppStore|x64.ActiveCfg = Release|x64
		{012D2083-4A42-4707-9934-15868834CE07}.AppStore|x64.Build.0 = Release|x64
		{012D2083-4A42-4707-9934-15868834CE07}.AppStore|x64.Deploy.0 = Release|x64
		{012D2083-4A42-4707-9934-15868834CE07}.AppStore|x86.ActiveCfg = Release|x86
		{012D2083-4A42-4707-9934-15868834CE07}.AppStore|x86.Build.0 = Release|x86
		{012D2083-4A42-4707-9934-15868834CE07}.AppStore|x86.Deploy.0 = Release|x86
		{012D2083-4A42-4707-9934-15868834CE07}.Debug|Any CPU.ActiveCfg = Debug|x86
		{012D2083-4A42-4707-9934-15868834CE07}.Debug|ARM.ActiveCfg = Debug|ARM
		{012D2083-4A42-4707-9934-15868834CE07}.Debug|ARM.Build.0 = Debug|ARM
		{012D2083-4A42-4707-9934-15868834CE07}.Debug|ARM.Deploy.0 = Debug|ARM
		{012D2083-4A42-4707-9934-15868834CE07}.Debug|iPhone.ActiveCfg = Debug|x86
		{012D2083-4A42-4707-9934-15868834CE07}.Debug|iPhoneSimulator.ActiveCfg = Debug|x86
		{012D2083-4A42-4707-9934-15868834CE07}.Debug|x64.ActiveCfg = Debug|x64
		{012D2083-4A42-4707-9934-15868834CE07}.Debug|x64.Build.0 = Debug|x64
		{012D2083-4A42-4707-9934-15868834CE07}.Debug|x64.Deploy.0 = Debug|x64
		{012D2083-4A42-4707-9934-15868834CE07}.Debug|x86.ActiveCfg = Debug|x86
		{012D2083-4A42-4707-9934-15868834CE07}.Debug|x86.Build.0 = Debug|x86
		{012D2083-4A42-4707-9934-15868834CE07}.Debug|x86.Deploy.0 = Debug|x86
		{012D2083-4A42-4707-9934-15868834CE07}.Release|Any CPU.ActiveCfg = Release|x86
		{012D2083-4A42-4707-9934-15868834CE07}.Release|ARM.ActiveCfg = Release|ARM
		{012D2083-4A42-4707-9934-15868834CE07}.Release|ARM.Build.0 = Release|ARM
		{012D2083-4A42-4707-9934-15868834CE07}.Release|ARM.Deploy.0 = Release|ARM
		{012D2083-4A42-4707-9934-15868834CE07}.Release|iPhone.ActiveCfg = Release|x86
		{012D2083-4A42-4707-9934-15868834CE07}.Release|iPhoneSimulator.ActiveCfg = Release|x86
		{012D2083-4A42-4707-9934-15868834CE07}.Release|x64.ActiveCfg = Release|x64
		{012D2083-4A42-4707-9934-15868834CE07}.Release|x64.Build.0 = Release|x64
		{012D2083-4A42-4707-9934-15868834CE07}.Release|x64.Deploy.0 = Release|x64
		{012D2083-4A42-4707-9934-15868834CE07}.Release|x86.ActiveCfg = Release|x86
		{012D2083-4A42-4707-9934-15868834CE07}.Release|x86.Build.0 = Release|x86
		{012D2083-4A42-4707-9934-15868834CE07}.Release|x86.Deploy.0 = Release|x86
	EndGlobalSection
	GlobalSection(SolutionProperties) = preSolution
		HideSolutionNode = FALSE
	EndGlobalSection
EndGlobal
